
Microsoft Visual Studio Solution File, Format Version 12.00
# Visual Studio Version 17
VisualStudioVersion = 17.7.34031.279
MinimumVisualStudioVersion = 10.0.40219.1
Project("{FAE04EC0-301F-11D3-BF4B-00C04F79EFBC}") = "L900_Ovladani_1", "L900_Ovladani_1.csproj", "{53743732-A132-4177-BC8B-F64E02E7803A}"
EndProject
Global
	GlobalSection(SolutionConfigurationPlatforms) = preSolution
		Debug|Any CPU = Debug|Any CPU
		Release|Any CPU = Release|Any CPU
	EndGlobalSection
	GlobalSection(ProjectConfigurationPlatforms) = postSolution
		{53743732-A132-4177-BC8B-F64E02E7803A}.Debug|Any CPU.ActiveCfg = Debug|Any CPU
		{53743732-A132-4177-BC8B-F64E02E7803A}.Debug|Any CPU.Build.0 = Debug|Any CPU
		{53743732-A132-4177-BC8B-F64E02E7803A}.Release|Any CPU.ActiveCfg = Release|Any CPU
		{53743732-A132-4177-BC8B-F64E02E7803A}.Release|Any CPU.Build.0 = Release|Any CPU
	EndGlobalSection
	GlobalSection(SolutionProperties) = preSolution
		HideSolutionNode = FALSE
	EndGlobalSection
	GlobalSection(ExtensibilityGlobals) = postSolution
		SolutionGuid = {AC3B1F57-4063-4712-9AC2-579777DCFCD3}
	EndGlobalSection
EndGlobal
